// !$*UTF8*$!
{
	archiveVersion = 1;
	classes = {
	};
	objectVersion = 46;
	objects = {

/* Begin PBXBuildFile section */
		183C69FC1BDE0DDB008E93AB /* ReminderViewController.m in Sources */ = {isa = PBXBuildFile; fileRef = 183C69FB1BDE0DDB008E93AB /* ReminderViewController.m */; };
		184300591BD8EAEB00FDB147 /* Settings.plist in Resources */ = {isa = PBXBuildFile; fileRef = 184300581BD8EAEB00FDB147 /* Settings.plist */; };
		1844F40A1BD764F200F65D26 /* Settings.bundle in Resources */ = {isa = PBXBuildFile; fileRef = 1844F4091BD764F200F65D26 /* Settings.bundle */; };
		1850F6EC1BD8DB0900818142 /* EditTextViewController.m in Sources */ = {isa = PBXBuildFile; fileRef = 1850F6E71BD8DB0900818142 /* EditTextViewController.m */; };
		1850F6ED1BD8DB0900818142 /* SettingsViewController.m in Sources */ = {isa = PBXBuildFile; fileRef = 1850F6E91BD8DB0900818142 /* SettingsViewController.m */; };
		1850F6EE1BD8DB0900818142 /* ValueSelectorViewController.m in Sources */ = {isa = PBXBuildFile; fileRef = 1850F6EB1BD8DB0900818142 /* ValueSelectorViewController.m */; };
		1867EB6F1B8F5E6400C10219 /* main.m in Sources */ = {isa = PBXBuildFile; fileRef = 1867EB6E1B8F5E6400C10219 /* main.m */; };
		1867EB721B8F5E6400C10219 /* AppDelegate.m in Sources */ = {isa = PBXBuildFile; fileRef = 1867EB711B8F5E6400C10219 /* AppDelegate.m */; };
		1867EB751B8F5E6400C10219 /* OnePhoto.xcdatamodeld in Sources */ = {isa = PBXBuildFile; fileRef = 1867EB731B8F5E6400C10219 /* OnePhoto.xcdatamodeld */; };
		1867EB781B8F5E6400C10219 /* RootViewController.m in Sources */ = {isa = PBXBuildFile; fileRef = 1867EB771B8F5E6400C10219 /* RootViewController.m */; };
		1867EB7B1B8F5E6400C10219 /* Main.storyboard in Resources */ = {isa = PBXBuildFile; fileRef = 1867EB791B8F5E6400C10219 /* Main.storyboard */; };
		1867EB7D1B8F5E6400C10219 /* Images.xcassets in Resources */ = {isa = PBXBuildFile; fileRef = 1867EB7C1B8F5E6400C10219 /* Images.xcassets */; };
		1867EB801B8F5E6400C10219 /* LaunchScreen.xib in Resources */ = {isa = PBXBuildFile; fileRef = 1867EB7E1B8F5E6400C10219 /* LaunchScreen.xib */; };
		1867EB8C1B8F5E6400C10219 /* OnePhotoTests.m in Sources */ = {isa = PBXBuildFile; fileRef = 1867EB8B1B8F5E6400C10219 /* OnePhotoTests.m */; };
		1867EBB41B91F1CC00C10219 /* GlobalUtils.m in Sources */ = {isa = PBXBuildFile; fileRef = 1867EBB31B91F1CC00C10219 /* GlobalUtils.m */; };
		187412ED1B96D27B0089CEFF /* OPCalendarWeekView.m in Sources */ = {isa = PBXBuildFile; fileRef = 187412EC1B96D27B0089CEFF /* OPCalendarWeekView.m */; };
		187412F01B96D3790089CEFF /* OPCalendarPageView.m in Sources */ = {isa = PBXBuildFile; fileRef = 187412EF1B96D3790089CEFF /* OPCalendarPageView.m */; };
		187412F81B9BE3BB0089CEFF /* CoreDataHelper.m in Sources */ = {isa = PBXBuildFile; fileRef = 187412F71B9BE3BB0089CEFF /* CoreDataHelper.m */; };
		1886BD761BDF59BA006FCDD5 /* Localizable.strings in Resources */ = {isa = PBXBuildFile; fileRef = 1886BD781BDF59BA006FCDD5 /* Localizable.strings */; };
		18E894421BD4EF6200AA460A /* OPPhotoCloud.m in Sources */ = {isa = PBXBuildFile; fileRef = 18E894411BD4EF6200AA460A /* OPPhotoCloud.m */; };
		18F405621B93683700E97458 /* OPCalendarDayView.m in Sources */ = {isa = PBXBuildFile; fileRef = 18F405611B93683700E97458 /* OPCalendarDayView.m */; };
		18F406341B94414C00E97458 /* UIColor+Remix.m in Sources */ = {isa = PBXBuildFile; fileRef = 18F406331B94414C00E97458 /* UIColor+Remix.m */; };
		18F406371B94461D00E97458 /* OPCalendarWeekDayView.m in Sources */ = {isa = PBXBuildFile; fileRef = 18F406361B94461D00E97458 /* OPCalendarWeekDayView.m */; };
		18F4063B1B944EF600E97458 /* DHLogger.m in Sources */ = {isa = PBXBuildFile; fileRef = 18F4063A1B944EF600E97458 /* DHLogger.m */; };
		18F406451B954A0C00E97458 /* OPPhoto.m in Sources */ = {isa = PBXBuildFile; fileRef = 18F406441B954A0C00E97458 /* OPPhoto.m */; };
		18F406471B957F1900E97458 /* MobileCoreServices.framework in Frameworks */ = {isa = PBXBuildFile; fileRef = 18F406461B957F1900E97458 /* MobileCoreServices.framework */; };
		18F4064E1B968D7B00E97458 /* OPVerticalCalendarView.m in Sources */ = {isa = PBXBuildFile; fileRef = 18F4064D1B968D7B00E97458 /* OPVerticalCalendarView.m */; };
		18F7501D1BC8B65C00B0BEB7 /* CloudKit.framework in Frameworks */ = {isa = PBXBuildFile; fileRef = 18F7501C1BC8B65C00B0BEB7 /* CloudKit.framework */; };
		9F3ABF2846EB01A22A2D960C /* libPods-OnePhoto.a in Frameworks */ = {isa = PBXBuildFile; fileRef = FEC1568EF312A8929D22A563 /* libPods-OnePhoto.a */; };
/* End PBXBuildFile section */

/* Begin PBXContainerItemProxy section */
		1867EB861B8F5E6400C10219 /* PBXContainerItemProxy */ = {
			isa = PBXContainerItemProxy;
			containerPortal = 1867EB611B8F5E6400C10219 /* Project object */;
			proxyType = 1;
			remoteGlobalIDString = 1867EB681B8F5E6400C10219;
			remoteInfo = OnePhoto;
		};
/* End PBXContainerItemProxy section */

/* Begin PBXFileReference section */
		183C69FA1BDE0DDB008E93AB /* ReminderViewController.h */ = {isa = PBXFileReference; fileEncoding = 4; lastKnownFileType = sourcecode.c.h; path = ReminderViewController.h; sourceTree = "<group>"; };
		183C69FB1BDE0DDB008E93AB /* ReminderViewController.m */ = {isa = PBXFileReference; fileEncoding = 4; lastKnownFileType = sourcecode.c.objc; path = ReminderViewController.m; sourceTree = "<group>"; };
		184300581BD8EAEB00FDB147 /* Settings.plist */ = {isa = PBXFileReference; fileEncoding = 4; lastKnownFileType = text.plist.xml; path = Settings.plist; sourceTree = "<group>"; };
		1844F4091BD764F200F65D26 /* Settings.bundle */ = {isa = PBXFileReference; lastKnownFileType = "wrapper.plug-in"; name = Settings.bundle; path = OnePhoto/Settings.bundle; sourceTree = "<group>"; };
		1850F6E61BD8DB0900818142 /* EditTextViewController.h */ = {isa = PBXFileReference; fileEncoding = 4; lastKnownFileType = sourcecode.c.h; path = EditTextViewController.h; sourceTree = "<group>"; };
		1850F6E71BD8DB0900818142 /* EditTextViewController.m */ = {isa = PBXFileReference; fileEncoding = 4; lastKnownFileType = sourcecode.c.objc; path = EditTextViewController.m; sourceTree = "<group>"; };
		1850F6E81BD8DB0900818142 /* SettingsViewController.h */ = {isa = PBXFileReference; fileEncoding = 4; lastKnownFileType = sourcecode.c.h; path = SettingsViewController.h; sourceTree = "<group>"; };
		1850F6E91BD8DB0900818142 /* SettingsViewController.m */ = {isa = PBXFileReference; fileEncoding = 4; lastKnownFileType = sourcecode.c.objc; path = SettingsViewController.m; sourceTree = "<group>"; };
		1850F6EA1BD8DB0900818142 /* ValueSelectorViewController.h */ = {isa = PBXFileReference; fileEncoding = 4; lastKnownFileType = sourcecode.c.h; path = ValueSelectorViewController.h; sourceTree = "<group>"; };
		1850F6EB1BD8DB0900818142 /* ValueSelectorViewController.m */ = {isa = PBXFileReference; fileEncoding = 4; lastKnownFileType = sourcecode.c.objc; path = ValueSelectorViewController.m; sourceTree = "<group>"; };
		1867EB691B8F5E6400C10219 /* OnePhoto.app */ = {isa = PBXFileReference; explicitFileType = wrapper.application; includeInIndex = 0; path = OnePhoto.app; sourceTree = BUILT_PRODUCTS_DIR; };
		1867EB6D1B8F5E6400C10219 /* Info.plist */ = {isa = PBXFileReference; lastKnownFileType = text.plist.xml; path = Info.plist; sourceTree = "<group>"; };
		1867EB6E1B8F5E6400C10219 /* main.m */ = {isa = PBXFileReference; lastKnownFileType = sourcecode.c.objc; path = main.m; sourceTree = "<group>"; };
		1867EB701B8F5E6400C10219 /* AppDelegate.h */ = {isa = PBXFileReference; lastKnownFileType = sourcecode.c.h; path = AppDelegate.h; sourceTree = "<group>"; };
		1867EB711B8F5E6400C10219 /* AppDelegate.m */ = {isa = PBXFileReference; lastKnownFileType = sourcecode.c.objc; path = AppDelegate.m; sourceTree = "<group>"; };
		1867EB741B8F5E6400C10219 /* OnePhoto.xcdatamodel */ = {isa = PBXFileReference; lastKnownFileType = wrapper.xcdatamodel; path = OnePhoto.xcdatamodel; sourceTree = "<group>"; };
		1867EB761B8F5E6400C10219 /* RootViewController.h */ = {isa = PBXFileReference; lastKnownFileType = sourcecode.c.h; path = RootViewController.h; sourceTree = "<group>"; };
		1867EB771B8F5E6400C10219 /* RootViewController.m */ = {isa = PBXFileReference; lastKnownFileType = sourcecode.c.objc; path = RootViewController.m; sourceTree = "<group>"; };
		1867EB7A1B8F5E6400C10219 /* Base */ = {isa = PBXFileReference; lastKnownFileType = file.storyboard; name = Base; path = Base.lproj/Main.storyboard; sourceTree = "<group>"; };
		1867EB7C1B8F5E6400C10219 /* Images.xcassets */ = {isa = PBXFileReference; lastKnownFileType = folder.assetcatalog; path = Images.xcassets; sourceTree = "<group>"; };
		1867EB7F1B8F5E6400C10219 /* Base */ = {isa = PBXFileReference; lastKnownFileType = file.xib; name = Base; path = Base.lproj/LaunchScreen.xib; sourceTree = "<group>"; };
		1867EB851B8F5E6400C10219 /* OnePhotoTests.xctest */ = {isa = PBXFileReference; explicitFileType = wrapper.cfbundle; includeInIndex = 0; path = OnePhotoTests.xctest; sourceTree = BUILT_PRODUCTS_DIR; };
		1867EB8A1B8F5E6400C10219 /* Info.plist */ = {isa = PBXFileReference; lastKnownFileType = text.plist.xml; path = Info.plist; sourceTree = "<group>"; };
		1867EB8B1B8F5E6400C10219 /* OnePhotoTests.m */ = {isa = PBXFileReference; lastKnownFileType = sourcecode.c.objc; path = OnePhotoTests.m; sourceTree = "<group>"; };
		1867EBAF1B91F14600C10219 /* PrefixHeader.pch */ = {isa = PBXFileReference; lastKnownFileType = sourcecode.c.h; path = PrefixHeader.pch; sourceTree = "<group>"; };
		1867EBB21B91F1CC00C10219 /* GlobalUtils.h */ = {isa = PBXFileReference; fileEncoding = 4; lastKnownFileType = sourcecode.c.h; path = GlobalUtils.h; sourceTree = "<group>"; };
		1867EBB31B91F1CC00C10219 /* GlobalUtils.m */ = {isa = PBXFileReference; fileEncoding = 4; lastKnownFileType = sourcecode.c.objc; path = GlobalUtils.m; sourceTree = "<group>"; };
		187412EB1B96D27B0089CEFF /* OPCalendarWeekView.h */ = {isa = PBXFileReference; fileEncoding = 4; lastKnownFileType = sourcecode.c.h; path = OPCalendarWeekView.h; sourceTree = "<group>"; };
		187412EC1B96D27B0089CEFF /* OPCalendarWeekView.m */ = {isa = PBXFileReference; fileEncoding = 4; lastKnownFileType = sourcecode.c.objc; path = OPCalendarWeekView.m; sourceTree = "<group>"; };
		187412EE1B96D3790089CEFF /* OPCalendarPageView.h */ = {isa = PBXFileReference; fileEncoding = 4; lastKnownFileType = sourcecode.c.h; path = OPCalendarPageView.h; sourceTree = "<group>"; };
		187412EF1B96D3790089CEFF /* OPCalendarPageView.m */ = {isa = PBXFileReference; fileEncoding = 4; lastKnownFileType = sourcecode.c.objc; path = OPCalendarPageView.m; sourceTree = "<group>"; };
		187412F61B9BE3BB0089CEFF /* CoreDataHelper.h */ = {isa = PBXFileReference; fileEncoding = 4; lastKnownFileType = sourcecode.c.h; path = CoreDataHelper.h; sourceTree = "<group>"; };
		187412F71B9BE3BB0089CEFF /* CoreDataHelper.m */ = {isa = PBXFileReference; fileEncoding = 4; lastKnownFileType = sourcecode.c.objc; path = CoreDataHelper.m; sourceTree = "<group>"; };
		187413021B9C2A670089CEFF /* OnePhoto 2.xcdatamodel */ = {isa = PBXFileReference; lastKnownFileType = wrapper.xcdatamodel; path = "OnePhoto 2.xcdatamodel"; sourceTree = "<group>"; };
		1886BD771BDF59BA006FCDD5 /* zh-Hans */ = {isa = PBXFileReference; lastKnownFileType = text.plist.strings; name = "zh-Hans"; path = "zh-Hans.lproj/Localizable.strings"; sourceTree = "<group>"; };
		18E894401BD4EF6200AA460A /* OPPhotoCloud.h */ = {isa = PBXFileReference; fileEncoding = 4; lastKnownFileType = sourcecode.c.h; path = OPPhotoCloud.h; sourceTree = "<group>"; };
		18E894411BD4EF6200AA460A /* OPPhotoCloud.m */ = {isa = PBXFileReference; fileEncoding = 4; lastKnownFileType = sourcecode.c.objc; path = OPPhotoCloud.m; sourceTree = "<group>"; };
		18F405601B93683700E97458 /* OPCalendarDayView.h */ = {isa = PBXFileReference; fileEncoding = 4; lastKnownFileType = sourcecode.c.h; path = OPCalendarDayView.h; sourceTree = "<group>"; };
		18F405611B93683700E97458 /* OPCalendarDayView.m */ = {isa = PBXFileReference; fileEncoding = 4; lastKnownFileType = sourcecode.c.objc; path = OPCalendarDayView.m; sourceTree = "<group>"; };
		18F406321B94414C00E97458 /* UIColor+Remix.h */ = {isa = PBXFileReference; fileEncoding = 4; lastKnownFileType = sourcecode.c.h; path = "UIColor+Remix.h"; sourceTree = "<group>"; };
		18F406331B94414C00E97458 /* UIColor+Remix.m */ = {isa = PBXFileReference; fileEncoding = 4; lastKnownFileType = sourcecode.c.objc; path = "UIColor+Remix.m"; sourceTree = "<group>"; };
		18F406351B94461D00E97458 /* OPCalendarWeekDayView.h */ = {isa = PBXFileReference; fileEncoding = 4; lastKnownFileType = sourcecode.c.h; path = OPCalendarWeekDayView.h; sourceTree = "<group>"; };
		18F406361B94461D00E97458 /* OPCalendarWeekDayView.m */ = {isa = PBXFileReference; fileEncoding = 4; lastKnownFileType = sourcecode.c.objc; path = OPCalendarWeekDayView.m; sourceTree = "<group>"; };
		18F406391B944EF600E97458 /* DHLogger.h */ = {isa = PBXFileReference; fileEncoding = 4; lastKnownFileType = sourcecode.c.h; path = DHLogger.h; sourceTree = "<group>"; };
		18F4063A1B944EF600E97458 /* DHLogger.m */ = {isa = PBXFileReference; fileEncoding = 4; lastKnownFileType = sourcecode.c.objc; path = DHLogger.m; sourceTree = "<group>"; };
		18F406431B954A0C00E97458 /* OPPhoto.h */ = {isa = PBXFileReference; fileEncoding = 4; lastKnownFileType = sourcecode.c.h; path = OPPhoto.h; sourceTree = "<group>"; };
		18F406441B954A0C00E97458 /* OPPhoto.m */ = {isa = PBXFileReference; fileEncoding = 4; lastKnownFileType = sourcecode.c.objc; path = OPPhoto.m; sourceTree = "<group>"; };
		18F406461B957F1900E97458 /* MobileCoreServices.framework */ = {isa = PBXFileReference; lastKnownFileType = wrapper.framework; name = MobileCoreServices.framework; path = System/Library/Frameworks/MobileCoreServices.framework; sourceTree = SDKROOT; };
		18F406481B9582B300E97458 /* zh-Hans */ = {isa = PBXFileReference; lastKnownFileType = text.plist.strings; name = "zh-Hans"; path = "zh-Hans.lproj/Main.strings"; sourceTree = "<group>"; };
		18F406491B9582B300E97458 /* zh-Hans */ = {isa = PBXFileReference; lastKnownFileType = text.plist.strings; name = "zh-Hans"; path = "zh-Hans.lproj/LaunchScreen.strings"; sourceTree = "<group>"; };
		18F4064C1B968D7B00E97458 /* OPVerticalCalendarView.h */ = {isa = PBXFileReference; fileEncoding = 4; lastKnownFileType = sourcecode.c.h; path = OPVerticalCalendarView.h; sourceTree = "<group>"; };
		18F4064D1B968D7B00E97458 /* OPVerticalCalendarView.m */ = {isa = PBXFileReference; fileEncoding = 4; lastKnownFileType = sourcecode.c.objc; path = OPVerticalCalendarView.m; sourceTree = "<group>"; };
		18F7501B1BC8B2EC00B0BEB7 /* OnePhoto.entitlements */ = {isa = PBXFileReference; lastKnownFileType = text.xml; path = OnePhoto.entitlements; sourceTree = "<group>"; };
		18F7501C1BC8B65C00B0BEB7 /* CloudKit.framework */ = {isa = PBXFileReference; lastKnownFileType = wrapper.framework; name = CloudKit.framework; path = System/Library/Frameworks/CloudKit.framework; sourceTree = SDKROOT; };
		40B983C60B6C941DF886CF4B /* Pods-OnePhoto.debug.xcconfig */ = {isa = PBXFileReference; includeInIndex = 1; lastKnownFileType = text.xcconfig; name = "Pods-OnePhoto.debug.xcconfig"; path = "Pods/Target Support Files/Pods-OnePhoto/Pods-OnePhoto.debug.xcconfig"; sourceTree = "<group>"; };
		995CA079F330BCA2BF9CBD4D /* Pods-OnePhoto.release.xcconfig */ = {isa = PBXFileReference; includeInIndex = 1; lastKnownFileType = text.xcconfig; name = "Pods-OnePhoto.release.xcconfig"; path = "Pods/Target Support Files/Pods-OnePhoto/Pods-OnePhoto.release.xcconfig"; sourceTree = "<group>"; };
		FEC1568EF312A8929D22A563 /* libPods-OnePhoto.a */ = {isa = PBXFileReference; explicitFileType = archive.ar; includeInIndex = 0; path = "libPods-OnePhoto.a"; sourceTree = BUILT_PRODUCTS_DIR; };
/* End PBXFileReference section */

/* Begin PBXFrameworksBuildPhase section */
		1867EB661B8F5E6400C10219 /* Frameworks */ = {
			isa = PBXFrameworksBuildPhase;
			buildActionMask = 2147483647;
			files = (
				18F7501D1BC8B65C00B0BEB7 /* CloudKit.framework in Frameworks */,
				18F406471B957F1900E97458 /* MobileCoreServices.framework in Frameworks */,
				9F3ABF2846EB01A22A2D960C /* libPods-OnePhoto.a in Frameworks */,
			);
			runOnlyForDeploymentPostprocessing = 0;
		};
		1867EB821B8F5E6400C10219 /* Frameworks */ = {
			isa = PBXFrameworksBuildPhase;
			buildActionMask = 2147483647;
			files = (
			);
			runOnlyForDeploymentPostprocessing = 0;
		};
/* End PBXFrameworksBuildPhase section */

/* Begin PBXGroup section */
		184300571BD8EAEB00FDB147 /* PropertyList */ = {
			isa = PBXGroup;
			children = (
				184300581BD8EAEB00FDB147 /* Settings.plist */,
			);
			path = PropertyList;
			sourceTree = "<group>";
		};
		1850F6E51BD8DB0900818142 /* SettingViews */ = {
			isa = PBXGroup;
			children = (
				1850F6E61BD8DB0900818142 /* EditTextViewController.h */,
				1850F6E71BD8DB0900818142 /* EditTextViewController.m */,
				1850F6E81BD8DB0900818142 /* SettingsViewController.h */,
				1850F6E91BD8DB0900818142 /* SettingsViewController.m */,
				1850F6EA1BD8DB0900818142 /* ValueSelectorViewController.h */,
				1850F6EB1BD8DB0900818142 /* ValueSelectorViewController.m */,
				183C69FA1BDE0DDB008E93AB /* ReminderViewController.h */,
				183C69FB1BDE0DDB008E93AB /* ReminderViewController.m */,
			);
			path = SettingViews;
			sourceTree = "<group>";
		};
		1867EB601B8F5E6400C10219 = {
			isa = PBXGroup;
			children = (
				1844F4091BD764F200F65D26 /* Settings.bundle */,
				1867EB6B1B8F5E6400C10219 /* OnePhoto */,
				1867EB881B8F5E6400C10219 /* OnePhotoTests */,
				1867EB6A1B8F5E6400C10219 /* Products */,
				E23E5ACED83FA5B9C75E75A5 /* Pods */,
				4DE54957F1CA3C83994243B3 /* Frameworks */,
			);
			sourceTree = "<group>";
		};
		1867EB6A1B8F5E6400C10219 /* Products */ = {
			isa = PBXGroup;
			children = (
				1867EB691B8F5E6400C10219 /* OnePhoto.app */,
				1867EB851B8F5E6400C10219 /* OnePhotoTests.xctest */,
			);
			name = Products;
			sourceTree = "<group>";
		};
		1867EB6B1B8F5E6400C10219 /* OnePhoto */ = {
			isa = PBXGroup;
			children = (
				18E8943F1BD4EF2F00AA460A /* iCloud */,
				18F7501B1BC8B2EC00B0BEB7 /* OnePhoto.entitlements */,
				18F406311B94411300E97458 /* Categories */,
				18F4055F1B9367F100E97458 /* CustomViews */,
				18F4063C1B95468400E97458 /* Entity */,
				18F406381B944EAA00E97458 /* Utils */,
				1867EB961B8F693D00C10219 /* ViewControllers */,
				1850F6E51BD8DB0900818142 /* SettingViews */,
				184300571BD8EAEB00FDB147 /* PropertyList */,
				1867EB701B8F5E6400C10219 /* AppDelegate.h */,
				1867EB711B8F5E6400C10219 /* AppDelegate.m */,
				1867EB761B8F5E6400C10219 /* RootViewController.h */,
				1867EB771B8F5E6400C10219 /* RootViewController.m */,
				1867EB791B8F5E6400C10219 /* Main.storyboard */,
				1867EB7C1B8F5E6400C10219 /* Images.xcassets */,
				1867EB7E1B8F5E6400C10219 /* LaunchScreen.xib */,
				1867EB731B8F5E6400C10219 /* OnePhoto.xcdatamodeld */,
				1867EB6C1B8F5E6400C10219 /* Supporting Files */,
			);
			path = OnePhoto;
			sourceTree = "<group>";
		};
		1867EB6C1B8F5E6400C10219 /* Supporting Files */ = {
			isa = PBXGroup;
			children = (
				1867EB6D1B8F5E6400C10219 /* Info.plist */,
				1867EB6E1B8F5E6400C10219 /* main.m */,
				1867EBAF1B91F14600C10219 /* PrefixHeader.pch */,
				1867EBB21B91F1CC00C10219 /* GlobalUtils.h */,
				1867EBB31B91F1CC00C10219 /* GlobalUtils.m */,
				1886BD781BDF59BA006FCDD5 /* Localizable.strings */,
			);
			name = "Supporting Files";
			sourceTree = "<group>";
		};
		1867EB881B8F5E6400C10219 /* OnePhotoTests */ = {
			isa = PBXGroup;
			children = (
				1867EB8B1B8F5E6400C10219 /* OnePhotoTests.m */,
				1867EB891B8F5E6400C10219 /* Supporting Files */,
			);
			path = OnePhotoTests;
			sourceTree = "<group>";
		};
		1867EB891B8F5E6400C10219 /* Supporting Files */ = {
			isa = PBXGroup;
			children = (
				1867EB8A1B8F5E6400C10219 /* Info.plist */,
			);
			name = "Supporting Files";
			sourceTree = "<group>";
		};
		1867EB961B8F693D00C10219 /* ViewControllers */ = {
			isa = PBXGroup;
			children = (
			);
			path = ViewControllers;
			sourceTree = "<group>";
		};
		18E8943F1BD4EF2F00AA460A /* iCloud */ = {
			isa = PBXGroup;
			children = (
				18E894401BD4EF6200AA460A /* OPPhotoCloud.h */,
				18E894411BD4EF6200AA460A /* OPPhotoCloud.m */,
			);
			path = iCloud;
			sourceTree = "<group>";
		};
		18F4055F1B9367F100E97458 /* CustomViews */ = {
			isa = PBXGroup;
			children = (
				18F405601B93683700E97458 /* OPCalendarDayView.h */,
				18F405611B93683700E97458 /* OPCalendarDayView.m */,
				18F406351B94461D00E97458 /* OPCalendarWeekDayView.h */,
				18F406361B94461D00E97458 /* OPCalendarWeekDayView.m */,
				18F4064C1B968D7B00E97458 /* OPVerticalCalendarView.h */,
				18F4064D1B968D7B00E97458 /* OPVerticalCalendarView.m */,
				187412EB1B96D27B0089CEFF /* OPCalendarWeekView.h */,
				187412EC1B96D27B0089CEFF /* OPCalendarWeekView.m */,
				187412EE1B96D3790089CEFF /* OPCalendarPageView.h */,
				187412EF1B96D3790089CEFF /* OPCalendarPageView.m */,
			);
			path = CustomViews;
			sourceTree = "<group>";
		};
		18F406311B94411300E97458 /* Categories */ = {
			isa = PBXGroup;
			children = (
				18F406321B94414C00E97458 /* UIColor+Remix.h */,
				18F406331B94414C00E97458 /* UIColor+Remix.m */,
			);
			path = Categories;
			sourceTree = "<group>";
		};
		18F406381B944EAA00E97458 /* Utils */ = {
			isa = PBXGroup;
			children = (
				18F406391B944EF600E97458 /* DHLogger.h */,
				18F4063A1B944EF600E97458 /* DHLogger.m */,
				187412F61B9BE3BB0089CEFF /* CoreDataHelper.h */,
				187412F71B9BE3BB0089CEFF /* CoreDataHelper.m */,
			);
			path = Utils;
			sourceTree = "<group>";
		};
		18F4063C1B95468400E97458 /* Entity */ = {
			isa = PBXGroup;
			children = (
				18F406431B954A0C00E97458 /* OPPhoto.h */,
				18F406441B954A0C00E97458 /* OPPhoto.m */,
			);
			path = Entity;
			sourceTree = "<group>";
		};
		4DE54957F1CA3C83994243B3 /* Frameworks */ = {
			isa = PBXGroup;
			children = (
				18F7501C1BC8B65C00B0BEB7 /* CloudKit.framework */,
				18F406461B957F1900E97458 /* MobileCoreServices.framework */,
				FEC1568EF312A8929D22A563 /* libPods-OnePhoto.a */,
			);
			name = Frameworks;
			sourceTree = "<group>";
		};
		E23E5ACED83FA5B9C75E75A5 /* Pods */ = {
			isa = PBXGroup;
			children = (
				40B983C60B6C941DF886CF4B /* Pods-OnePhoto.debug.xcconfig */,
				995CA079F330BCA2BF9CBD4D /* Pods-OnePhoto.release.xcconfig */,
			);
			name = Pods;
			sourceTree = "<group>";
		};
/* End PBXGroup section */

/* Begin PBXNativeTarget section */
		1867EB681B8F5E6400C10219 /* OnePhoto */ = {
			isa = PBXNativeTarget;
			buildConfigurationList = 1867EB8F1B8F5E6400C10219 /* Build configuration list for PBXNativeTarget "OnePhoto" */;
			buildPhases = (
				337F20FAB567ED05F1C8CAAD /* Check Pods Manifest.lock */,
				1867EB651B8F5E6400C10219 /* Sources */,
				1867EB661B8F5E6400C10219 /* Frameworks */,
				1867EB671B8F5E6400C10219 /* Resources */,
				1867EB951B8F5F5A00C10219 /* ShellScript */,
				83552204FD9E73FBABA4F304 /* Copy Pods Resources */,
				ECFA10706851C01288A96F9A /* Embed Pods Frameworks */,
			);
			buildRules = (
			);
			dependencies = (
			);
			name = OnePhoto;
			productName = OnePhoto;
			productReference = 1867EB691B8F5E6400C10219 /* OnePhoto.app */;
			productType = "com.apple.product-type.application";
		};
		1867EB841B8F5E6400C10219 /* OnePhotoTests */ = {
			isa = PBXNativeTarget;
			buildConfigurationList = 1867EB921B8F5E6400C10219 /* Build configuration list for PBXNativeTarget "OnePhotoTests" */;
			buildPhases = (
				1867EB811B8F5E6400C10219 /* Sources */,
				1867EB821B8F5E6400C10219 /* Frameworks */,
				1867EB831B8F5E6400C10219 /* Resources */,
			);
			buildRules = (
			);
			dependencies = (
				1867EB871B8F5E6400C10219 /* PBXTargetDependency */,
			);
			name = OnePhotoTests;
			productName = OnePhotoTests;
			productReference = 1867EB851B8F5E6400C10219 /* OnePhotoTests.xctest */;
			productType = "com.apple.product-type.bundle.unit-test";
		};
/* End PBXNativeTarget section */

/* Begin PBXProject section */
		1867EB611B8F5E6400C10219 /* Project object */ = {
			isa = PBXProject;
			attributes = {
				LastUpgradeCheck = 0700;
				ORGANIZATIONNAME = "Hong D. Empire";
				TargetAttributes = {
					1867EB681B8F5E6400C10219 = {
						CreatedOnToolsVersion = 6.4;
						DevelopmentTeam = 446D3PL69W;
						SystemCapabilities = {
							com.apple.iCloud = {
								enabled = 1;
							};
						};
					};
					1867EB841B8F5E6400C10219 = {
						CreatedOnToolsVersion = 6.4;
						TestTargetID = 1867EB681B8F5E6400C10219;
					};
				};
			};
			buildConfigurationList = 1867EB641B8F5E6400C10219 /* Build configuration list for PBXProject "OnePhoto" */;
			compatibilityVersion = "Xcode 3.2";
			developmentRegion = English;
			hasScannedForEncodings = 0;
			knownRegions = (
				en,
				Base,
			);
			mainGroup = 1867EB601B8F5E6400C10219;
			productRefGroup = 1867EB6A1B8F5E6400C10219 /* Products */;
			projectDirPath = "";
			projectRoot = "";
			targets = (
				1867EB681B8F5E6400C10219 /* OnePhoto */,
				1867EB841B8F5E6400C10219 /* OnePhotoTests */,
			);
		};
/* End PBXProject section */

/* Begin PBXResourcesBuildPhase section */
		1867EB671B8F5E6400C10219 /* Resources */ = {
			isa = PBXResourcesBuildPhase;
			buildActionMask = 2147483647;
			files = (
				1844F40A1BD764F200F65D26 /* Settings.bundle in Resources */,
				1886BD761BDF59BA006FCDD5 /* Localizable.strings in Resources */,
				1867EB7B1B8F5E6400C10219 /* Main.storyboard in Resources */,
				1867EB801B8F5E6400C10219 /* LaunchScreen.xib in Resources */,
				1867EB7D1B8F5E6400C10219 /* Images.xcassets in Resources */,
				184300591BD8EAEB00FDB147 /* Settings.plist in Resources */,
			);
			runOnlyForDeploymentPostprocessing = 0;
		};
		1867EB831B8F5E6400C10219 /* Resources */ = {
			isa = PBXResourcesBuildPhase;
			buildActionMask = 2147483647;
			files = (
			);
			runOnlyForDeploymentPostprocessing = 0;
		};
/* End PBXResourcesBuildPhase section */

/* Begin PBXShellScriptBuildPhase section */
		1867EB951B8F5F5A00C10219 /* ShellScript */ = {
			isa = PBXShellScriptBuildPhase;
			buildActionMask = 2147483647;
			files = (
			);
			inputPaths = (
			);
			outputPaths = (
			);
			runOnlyForDeploymentPostprocessing = 0;
			shellPath = /bin/sh;
			shellScript = "#!/bin/sh\n\n# This script automatically sets the version and short version string of\n# an Xcode project from the Git repository containing the project.\n#\n# To use this script in Xcode 4, add the contents to a \"Run Script\" build\n# phase for your application target.\n\nset -o errexit\nset -o nounset\n\nINFO_PLIST=\"${BUILT_PRODUCTS_DIR}/${WRAPPER_NAME}/Info\"\n\n# Use the latest version tag for CFBundleShortVersionString. I tag releases\n# in Git using the format v0.0.0; this assumes you're doing the same.\nSHORT_VERSION=$(git --git-dir=\"${PROJECT_DIR}/.git\" --work-tree=\"${PROJECT_DIR}\" describe --dirty | sed -e 's/^v//' -e 's/g//')\n\n# I'd like to use the Git commit hash for CFBundleVersion.\nGIT_COMMIT_HASH=$(git --git-dir=\"${PROJECT_DIR}/.git\" --work-tree=\"${PROJECT_DIR}\" rev-parse --short HEAD)\n\n# But Apple wants this value to be a monotonically increasing integer, so\n# instead use the number of commits on the master branch. If you like to\n# play fast and loose with your Git history, this may cause you problems.\n# Thanks to @amrox for pointing out the issue and fix.\nVERSION=$(git --git-dir=\"${PROJECT_DIR}/.git\" --work-tree=\"${PROJECT_DIR}\" rev-list master | wc -l)\n\ndefaults write $INFO_PLIST CFBundleShortVersionString $SHORT_VERSION\ndefaults write $INFO_PLIST CFBundleVersion $VERSION\ndefaults write $INFO_PLIST DHGitCommitHash $GIT_COMMIT_HASH";
		};
		337F20FAB567ED05F1C8CAAD /* Check Pods Manifest.lock */ = {
			isa = PBXShellScriptBuildPhase;
			buildActionMask = 2147483647;
			files = (
			);
			inputPaths = (
			);
			name = "Check Pods Manifest.lock";
			outputPaths = (
			);
			runOnlyForDeploymentPostprocessing = 0;
			shellPath = /bin/sh;
			shellScript = "diff \"${PODS_ROOT}/../Podfile.lock\" \"${PODS_ROOT}/Manifest.lock\" > /dev/null\nif [[ $? != 0 ]] ; then\n    cat << EOM\nerror: The sandbox is not in sync with the Podfile.lock. Run 'pod install' or update your CocoaPods installation.\nEOM\n    exit 1\nfi\n";
			showEnvVarsInLog = 0;
		};
		83552204FD9E73FBABA4F304 /* Copy Pods Resources */ = {
			isa = PBXShellScriptBuildPhase;
			buildActionMask = 2147483647;
			files = (
			);
			inputPaths = (
			);
			name = "Copy Pods Resources";
			outputPaths = (
			);
			runOnlyForDeploymentPostprocessing = 0;
			shellPath = /bin/sh;
			shellScript = "\"${SRCROOT}/Pods/Target Support Files/Pods-OnePhoto/Pods-OnePhoto-resources.sh\"\n";
			showEnvVarsInLog = 0;
		};
		ECFA10706851C01288A96F9A /* Embed Pods Frameworks */ = {
			isa = PBXShellScriptBuildPhase;
			buildActionMask = 2147483647;
			files = (
			);
			inputPaths = (
			);
			name = "Embed Pods Frameworks";
			outputPaths = (
			);
			runOnlyForDeploymentPostprocessing = 0;
			shellPath = /bin/sh;
			shellScript = "\"${SRCROOT}/Pods/Target Support Files/Pods-OnePhoto/Pods-OnePhoto-frameworks.sh\"\n";
			showEnvVarsInLog = 0;
		};
/* End PBXShellScriptBuildPhase section */

/* Begin PBXSourcesBuildPhase section */
		1867EB651B8F5E6400C10219 /* Sources */ = {
			isa = PBXSourcesBuildPhase;
			buildActionMask = 2147483647;
			files = (
				18F406371B94461D00E97458 /* OPCalendarWeekDayView.m in Sources */,
				18F4064E1B968D7B00E97458 /* OPVerticalCalendarView.m in Sources */,
				1867EB721B8F5E6400C10219 /* AppDelegate.m in Sources */,
				18E894421BD4EF6200AA460A /* OPPhotoCloud.m in Sources */,
				183C69FC1BDE0DDB008E93AB /* ReminderViewController.m in Sources */,
				187412F81B9BE3BB0089CEFF /* CoreDataHelper.m in Sources */,
				18F405621B93683700E97458 /* OPCalendarDayView.m in Sources */,
				187412F01B96D3790089CEFF /* OPCalendarPageView.m in Sources */,
				1867EB6F1B8F5E6400C10219 /* main.m in Sources */,
				1867EBB41B91F1CC00C10219 /* GlobalUtils.m in Sources */,
				1850F6ED1BD8DB0900818142 /* SettingsViewController.m in Sources */,
				1867EB781B8F5E6400C10219 /* RootViewController.m in Sources */,
				18F4063B1B944EF600E97458 /* DHLogger.m in Sources */,
				187412ED1B96D27B0089CEFF /* OPCalendarWeekView.m in Sources */,
				18F406451B954A0C00E97458 /* OPPhoto.m in Sources */,
				1867EB751B8F5E6400C10219 /* OnePhoto.xcdatamodeld in Sources */,
				1850F6EE1BD8DB0900818142 /* ValueSelectorViewController.m in Sources */,
				18F406341B94414C00E97458 /* UIColor+Remix.m in Sources */,
				1850F6EC1BD8DB0900818142 /* EditTextViewController.m in Sources */,
			);
			runOnlyForDeploymentPostprocessing = 0;
		};
		1867EB811B8F5E6400C10219 /* Sources */ = {
			isa = PBXSourcesBuildPhase;
			buildActionMask = 2147483647;
			files = (
				1867EB8C1B8F5E6400C10219 /* OnePhotoTests.m in Sources */,
			);
			runOnlyForDeploymentPostprocessing = 0;
		};
/* End PBXSourcesBuildPhase section */

/* Begin PBXTargetDependency section */
		1867EB871B8F5E6400C10219 /* PBXTargetDependency */ = {
			isa = PBXTargetDependency;
			target = 1867EB681B8F5E6400C10219 /* OnePhoto */;
			targetProxy = 1867EB861B8F5E6400C10219 /* PBXContainerItemProxy */;
		};
/* End PBXTargetDependency section */

/* Begin PBXVariantGroup section */
		1867EB791B8F5E6400C10219 /* Main.storyboard */ = {
			isa = PBXVariantGroup;
			children = (
				1867EB7A1B8F5E6400C10219 /* Base */,
				18F406481B9582B300E97458 /* zh-Hans */,
			);
			name = Main.storyboard;
			sourceTree = "<group>";
		};
		1867EB7E1B8F5E6400C10219 /* LaunchScreen.xib */ = {
			isa = PBXVariantGroup;
			children = (
				1867EB7F1B8F5E6400C10219 /* Base */,
				18F406491B9582B300E97458 /* zh-Hans */,
			);
			name = LaunchScreen.xib;
			sourceTree = "<group>";
		};
		1886BD781BDF59BA006FCDD5 /* Localizable.strings */ = {
			isa = PBXVariantGroup;
			children = (
				1886BD771BDF59BA006FCDD5 /* zh-Hans */,
			);
			name = Localizable.strings;
			sourceTree = "<group>";
		};
/* End PBXVariantGroup section */

/* Begin XCBuildConfiguration section */
		1867EB8D1B8F5E6400C10219 /* Debug */ = {
			isa = XCBuildConfiguration;
			buildSettings = {
				ALWAYS_SEARCH_USER_PATHS = NO;
				CLANG_CXX_LANGUAGE_STANDARD = "gnu++0x";
				CLANG_CXX_LIBRARY = "libc++";
				CLANG_ENABLE_MODULES = YES;
				CLANG_ENABLE_OBJC_ARC = YES;
				CLANG_WARN_BOOL_CONVERSION = YES;
				CLANG_WARN_CONSTANT_CONVERSION = YES;
				CLANG_WARN_DIRECT_OBJC_ISA_USAGE = YES_ERROR;
				CLANG_WARN_EMPTY_BODY = YES;
				CLANG_WARN_ENUM_CONVERSION = YES;
				CLANG_WARN_INT_CONVERSION = YES;
				CLANG_WARN_OBJC_ROOT_CLASS = YES_ERROR;
				CLANG_WARN_UNREACHABLE_CODE = YES;
				CLANG_WARN__DUPLICATE_METHOD_MATCH = YES;
				"CODE_SIGN_IDENTITY[sdk=iphoneos*]" = "iPhone Developer";
				COPY_PHASE_STRIP = NO;
				DEBUG_INFORMATION_FORMAT = "dwarf-with-dsym";
				ENABLE_STRICT_OBJC_MSGSEND = YES;
				ENABLE_TESTABILITY = YES;
				GCC_C_LANGUAGE_STANDARD = gnu99;
				GCC_DYNAMIC_NO_PIC = NO;
				GCC_NO_COMMON_BLOCKS = YES;
				GCC_OPTIMIZATION_LEVEL = 0;
				GCC_PREPROCESSOR_DEFINITIONS = (
					"DEBUG=1",
					"$(inherited)",
				);
				GCC_SYMBOLS_PRIVATE_EXTERN = NO;
				GCC_WARN_64_TO_32_BIT_CONVERSION = YES;
				GCC_WARN_ABOUT_RETURN_TYPE = YES_ERROR;
				GCC_WARN_UNDECLARED_SELECTOR = YES;
				GCC_WARN_UNINITIALIZED_AUTOS = YES_AGGRESSIVE;
				GCC_WARN_UNUSED_FUNCTION = YES;
				GCC_WARN_UNUSED_VARIABLE = YES;
				IPHONEOS_DEPLOYMENT_TARGET = 8.0;
				MTL_ENABLE_DEBUG_INFO = YES;
				ONLY_ACTIVE_ARCH = YES;
				SDKROOT = iphoneos;
			};
			name = Debug;
		};
		1867EB8E1B8F5E6400C10219 /* Release */ = {
			isa = XCBuildConfiguration;
			buildSettings = {
				ALWAYS_SEARCH_USER_PATHS = NO;
				CLANG_CXX_LANGUAGE_STANDARD = "gnu++0x";
				CLANG_CXX_LIBRARY = "libc++";
				CLANG_ENABLE_MODULES = YES;
				CLANG_ENABLE_OBJC_ARC = YES;
				CLANG_WARN_BOOL_CONVERSION = YES;
				CLANG_WARN_CONSTANT_CONVERSION = YES;
				CLANG_WARN_DIRECT_OBJC_ISA_USAGE = YES_ERROR;
				CLANG_WARN_EMPTY_BODY = YES;
				CLANG_WARN_ENUM_CONVERSION = YES;
				CLANG_WARN_INT_CONVERSION = YES;
				CLANG_WARN_OBJC_ROOT_CLASS = YES_ERROR;
				CLANG_WARN_UNREACHABLE_CODE = YES;
				CLANG_WARN__DUPLICATE_METHOD_MATCH = YES;
				"CODE_SIGN_IDENTITY[sdk=iphoneos*]" = "iPhone Developer";
				COPY_PHASE_STRIP = NO;
				DEBUG_INFORMATION_FORMAT = "dwarf-with-dsym";
				ENABLE_NS_ASSERTIONS = NO;
				ENABLE_STRICT_OBJC_MSGSEND = YES;
				GCC_C_LANGUAGE_STANDARD = gnu99;
				GCC_NO_COMMON_BLOCKS = YES;
				GCC_WARN_64_TO_32_BIT_CONVERSION = YES;
				GCC_WARN_ABOUT_RETURN_TYPE = YES_ERROR;
				GCC_WARN_UNDECLARED_SELECTOR = YES;
				GCC_WARN_UNINITIALIZED_AUTOS = YES_AGGRESSIVE;
				GCC_WARN_UNUSED_FUNCTION = YES;
				GCC_WARN_UNUSED_VARIABLE = YES;
				IPHONEOS_DEPLOYMENT_TARGET = 8.0;
				MTL_ENABLE_DEBUG_INFO = NO;
				SDKROOT = iphoneos;
				VALIDATE_PRODUCT = YES;
			};
			name = Release;
		};
		1867EB901B8F5E6400C10219 /* Debug */ = {
			isa = XCBuildConfiguration;
			baseConfigurationReference = 40B983C60B6C941DF886CF4B /* Pods-OnePhoto.debug.xcconfig */;
			buildSettings = {
				ASSETCATALOG_COMPILER_APPICON_NAME = AppIcon;
				CODE_SIGN_ENTITLEMENTS = OnePhoto/OnePhoto.entitlements;
				CODE_SIGN_IDENTITY = "iPhone Developer";
				"CODE_SIGN_IDENTITY[sdk=iphoneos*]" = "iPhone Developer";
				ENABLE_BITCODE = NO;
				GCC_PREFIX_HEADER = OnePhoto/PrefixHeader.pch;
				INFOPLIST_FILE = OnePhoto/Info.plist;
				IPHONEOS_DEPLOYMENT_TARGET = 8.0;
				LD_RUNPATH_SEARCH_PATHS = "$(inherited) @executable_path/Frameworks";
				PRODUCT_BUNDLE_IDENTIFIER = top.defaults.OnePhoto;
				PRODUCT_NAME = "$(TARGET_NAME)";
				PROVISIONING_PROFILE = "";
				TARGETED_DEVICE_FAMILY = "1,2";
			};
			name = Debug;
		};
		1867EB911B8F5E6400C10219 /* Release */ = {
			isa = XCBuildConfiguration;
			baseConfigurationReference = 995CA079F330BCA2BF9CBD4D /* Pods-OnePhoto.release.xcconfig */;
			buildSettings = {
				ASSETCATALOG_COMPILER_APPICON_NAME = AppIcon;
				CODE_SIGN_ENTITLEMENTS = OnePhoto/OnePhoto.entitlements;
				CODE_SIGN_IDENTITY = "iPhone Developer";
				"CODE_SIGN_IDENTITY[sdk=iphoneos*]" = "iPhone Developer";
				ENABLE_BITCODE = NO;
				GCC_PREFIX_HEADER = OnePhoto/PrefixHeader.pch;
				INFOPLIST_FILE = OnePhoto/Info.plist;
				IPHONEOS_DEPLOYMENT_TARGET = 8.0;
				LD_RUNPATH_SEARCH_PATHS = "$(inherited) @executable_path/Frameworks";
				PRODUCT_BUNDLE_IDENTIFIER = top.defaults.OnePhoto;
				PRODUCT_NAME = "$(TARGET_NAME)";
				PROVISIONING_PROFILE = "";
				TARGETED_DEVICE_FAMILY = "1,2";
			};
			name = Release;
		};
		1867EB931B8F5E6400C10219 /* Debug */ = {
			isa = XCBuildConfiguration;
			buildSettings = {
				BUNDLE_LOADER = "$(TEST_HOST)";
				FRAMEWORK_SEARCH_PATHS = "$(inherited)";
				GCC_PREPROCESSOR_DEFINITIONS = (
					"DEBUG=1",
					"$(inherited)",
				);
				INFOPLIST_FILE = OnePhotoTests/Info.plist;
				LD_RUNPATH_SEARCH_PATHS = "$(inherited) @executable_path/Frameworks @loader_path/Frameworks";
				PRODUCT_BUNDLE_IDENTIFIER = "top.defaults.$(PRODUCT_NAME:rfc1034identifier)";
				PRODUCT_NAME = "$(TARGET_NAME)";
				TEST_HOST = "$(BUILT_PRODUCTS_DIR)/OnePhoto.app/OnePhoto";
			};
			name = Debug;
		};
		1867EB941B8F5E6400C10219 /* Release */ = {
			isa = XCBuildConfiguration;
			buildSettings = {
				BUNDLE_LOADER = "$(TEST_HOST)";
				FRAMEWORK_SEARCH_PATHS = "$(inherited)";
				INFOPLIST_FILE = OnePhotoTests/Info.plist;
				LD_RUNPATH_SEARCH_PATHS = "$(inherited) @executable_path/Frameworks @loader_path/Frameworks";
				PRODUCT_BUNDLE_IDENTIFIER = "top.defaults.$(PRODUCT_NAME:rfc1034identifier)";
				PRODUCT_NAME = "$(TARGET_NAME)";
				TEST_HOST = "$(BUILT_PRODUCTS_DIR)/OnePhoto.app/OnePhoto";
			};
			name = Release;
		};
/* End XCBuildConfiguration section */

/* Begin XCConfigurationList section */
		1867EB641B8F5E6400C10219 /* Build configuration list for PBXProject "OnePhoto" */ = {
			isa = XCConfigurationList;
			buildConfigurations = (
				1867EB8D1B8F5E6400C10219 /* Debug */,
				1867EB8E1B8F5E6400C10219 /* Release */,
			);
			defaultConfigurationIsVisible = 0;
			defaultConfigurationName = Release;
		};
		1867EB8F1B8F5E6400C10219 /* Build configuration list for PBXNativeTarget "OnePhoto" */ = {
			isa = XCConfigurationList;
			buildConfigurations = (
				1867EB901B8F5E6400C10219 /* Debug */,
				1867EB911B8F5E6400C10219 /* Release */,
			);
			defaultConfigurationIsVisible = 0;
			defaultConfigurationName = Release;
		};
		1867EB921B8F5E6400C10219 /* Build configuration list for PBXNativeTarget "OnePhotoTests" */ = {
			isa = XCConfigurationList;
			buildConfigurations = (
				1867EB931B8F5E6400C10219 /* Debug */,
				1867EB941B8F5E6400C10219 /* Release */,
			);
			defaultConfigurationIsVisible = 0;
			defaultConfigurationName = Release;
		};
/* End XCConfigurationList section */

/* Begin XCVersionGroup section */
		1867EB731B8F5E6400C10219 /* OnePhoto.xcdatamodeld */ = {
			isa = XCVersionGroup;
			children = (
				187413021B9C2A670089CEFF /* OnePhoto 2.xcdatamodel */,
				1867EB741B8F5E6400C10219 /* OnePhoto.xcdatamodel */,
			);
			currentVersion = 187413021B9C2A670089CEFF /* OnePhoto 2.xcdatamodel */;
			path = OnePhoto.xcdatamodeld;
			sourceTree = "<group>";
			versionGroupType = wrapper.xcdatamodel;
		};
/* End XCVersionGroup section */
	};
	rootObject = 1867EB611B8F5E6400C10219 /* Project object */;
}
